
Microsoft Visual Studio Solution File, Format Version 12.00
# Visual Studio Version 16
VisualStudioVersion = 16.0.30907.101
MinimumVisualStudioVersion = 10.0.40219.1
Project("{FAE04EC0-301F-11D3-BF4B-00C04F79EFBC}") = "HeianMovies", "HeianMovies.csproj", "{773A973D-6FF8-41AB-BA95-D84235053F19}"
EndProject
Global
	GlobalSection(SolutionConfigurationPlatforms) = preSolution
		Debug|Any CPU = Debug|Any CPU
		Release|Any CPU = Release|Any CPU
	EndGlobalSection
	GlobalSection(ProjectConfigurationPlatforms) = postSolution
		{773A973D-6FF8-41AB-BA95-D84235053F19}.Debug|Any CPU.ActiveCfg = Debug|Any CPU
		{773A973D-6FF8-41AB-BA95-D84235053F19}.Debug|Any CPU.Build.0 = Debug|Any CPU
		{773A973D-6FF8-41AB-BA95-D84235053F19}.Release|Any CPU.ActiveCfg = Release|Any CPU
		{773A973D-6FF8-41AB-BA95-D84235053F19}.Release|Any CPU.Build.0 = Release|Any CPU
	EndGlobalSection
	GlobalSection(SolutionProperties) = preSolution
		HideSolutionNode = FALSE
	EndGlobalSection
	GlobalSection(ExtensibilityGlobals) = postSolution
		SolutionGuid = {CE35C9C0-B074-4CEF-BC9F-F1734010B91A}
	EndGlobalSection
EndGlobal
